<?xml version="1.0" encoding="utf-8"?>
<Project ToolsVersion="4.0" xmlns="http://schemas.microsoft.com/developer/msbuild/2003">
  <ItemGroup>
    <Filter Include="Source Files">
      <UniqueIdentifier>{4FC737F1-C7A5-4376-A066-2A32D752A2FF}</UniqueIdentifier>
      <Extensions>cpp;c;cc;cxx;def;odl;idl;hpj;bat;asm;asmx</Extensions>
    </Filter>
    <Filter Include="Header Files">
      <UniqueIdentifier>{93995380-89BD-4b04-88EB-625FBE52EBFB}</UniqueIdentifier>
      <Extensions>h;hpp;hxx;hm;inl;inc;xsd</Extensions>
    </Filter>
    <Filter Include="Resource Files">
      <UniqueIdentifier>{67DA6AB6-F800-4c08-8B7A-83BB121AAD01}</UniqueIdentifier>
      <Extensions>rc;ico;cur;bmp;dlg;rc2;rct;bin;rgs;gif;jpg;jpeg;jpe;resx;tiff;tif;png;wav;mfcribbon-ms</Extensions>
    </Filter>
    <Filter Include="Header Files\core">
      <UniqueIdentifier>{d4e552c7-dd54-4a36-af4a-f97f4413e848}</UniqueIdentifier>
    </Filter>
    <Filter Include="Header Files\core\Unary">
      <UniqueIdentifier>{5bf30260-1459-485f-b066-30f5b617287f}</UniqueIdentifier>
    </Filter>
    <Filter Include="Header Files\core\Binary">
      <UniqueIdentifier>{56fbd35a-5421-463f-9c6e-c8da85fba9f5}</UniqueIdentifier>
    </Filter>
    <Filter Include="Header Files\fuzzy">
      <UniqueIdentifier>{839e9ecb-f0ac-4cea-b38f-85580b57a367}</UniqueIdentifier>
    </Filter>
    <Filter Include="Header Files\fuzzy\And">
      <UniqueIdentifier>{09324c57-71f9-4bb0-b261-88e00697a85d}</UniqueIdentifier>
    </Filter>
    <Filter Include="Header Files\fuzzy\Or">
      <UniqueIdentifier>{bfa1bcb3-f08c-4903-837a-00a732e7d241}</UniqueIdentifier>
    </Filter>
    <Filter Include="Header Files\fuzzy\Agg">
      <UniqueIdentifier>{22973500-a780-42c9-8a43-e32e9a40fd60}</UniqueIdentifier>
    </Filter>
    <Filter Include="Header Files\fuzzy\Then">
      <UniqueIdentifier>{038a5f31-9425-4bd2-8f63-90b029ae9b21}</UniqueIdentifier>
    </Filter>
    <Filter Include="Header Files\fuzzy\Not">
      <UniqueIdentifier>{f4e26eda-3375-4a64-807c-fb46cddb67cd}</UniqueIdentifier>
    </Filter>
    <Filter Include="Header Files\fuzzy\Is">
      <UniqueIdentifier>{bb97544f-2fbe-4666-b41c-1605da2e44bb}</UniqueIdentifier>
    </Filter>
  </ItemGroup>
  <ItemGroup>
    <ClInclude Include="NullPointerException.h">
      <Filter>Header Files</Filter>
    </ClInclude>
    <ClInclude Include="Core\Binary\BinaryExpression.h">
      <Filter>Header Files\core\Binary</Filter>
    </ClInclude>
    <ClInclude Include="Core\Binary\BinaryExpressionModel.h">
      <Filter>Header Files\core\Binary</Filter>
    </ClInclude>
    <ClInclude Include="Core\Unary\UnaryExpression.h">
      <Filter>Header Files\core\Unary</Filter>
    </ClInclude>
    <ClInclude Include="Core\Unary\UnaryExpressionModel.h">
      <Filter>Header Files\core\Unary</Filter>
    </ClInclude>
    <ClInclude Include="Core\Expression.h">
      <Filter>Header Files\core</Filter>
    </ClInclude>
    <ClInclude Include="Core\ValueModel.h">
      <Filter>Header Files\core</Filter>
    </ClInclude>
    <ClInclude Include="Fuzzy\And\And.h">
      <Filter>Header Files\fuzzy\And</Filter>
    </ClInclude>
    <ClInclude Include="Fuzzy\And\AndMin.h">
      <Filter>Header Files\fuzzy\And</Filter>
    </ClInclude>
    <ClInclude Include="Fuzzy\And\AndMult.h">
      <Filter>Header Files\fuzzy\And</Filter>
    </ClInclude>
    <ClInclude Include="Fuzzy\Agg\Agg.h">
      <Filter>Header Files\fuzzy\Agg</Filter>
    </ClInclude>
    <ClInclude Include="Fuzzy\Agg\AggMax.h">
      <Filter>Header Files\fuzzy\Agg</Filter>
    </ClInclude>
    <ClInclude Include="Fuzzy\Agg\AggPlus.h">
      <Filter>Header Files\fuzzy\Agg</Filter>
    </ClInclude>
    <ClInclude Include="Fuzzy\Or\Or.h">
      <Filter>Header Files\fuzzy\Or</Filter>
    </ClInclude>
    <ClInclude Include="Fuzzy\Or\OrMax.h">
      <Filter>Header Files\fuzzy\Or</Filter>
    </ClInclude>
    <ClInclude Include="Fuzzy\Or\OrPlus.h">
      <Filter>Header Files\fuzzy\Or</Filter>
    </ClInclude>
    <ClInclude Include="Fuzzy\Then\Then.h">
      <Filter>Header Files\fuzzy\Then</Filter>
    </ClInclude>
    <ClInclude Include="Fuzzy\Then\ThenMin.h">
      <Filter>Header Files\fuzzy\Then</Filter>
    </ClInclude>
    <ClInclude Include="Fuzzy\Then\ThenMult.h">
      <Filter>Header Files\fuzzy\Then</Filter>
    </ClInclude>
    <ClInclude Include="main.h">
      <Filter>Source Files</Filter>
    </ClInclude>
  </ItemGroup>
  <ItemGroup>
    <ClCompile Include="main.cpp">
      <Filter>Source Files</Filter>
    </ClCompile>
  </ItemGroup>
</Project>